
Microsoft Visual Studio Solution File, Format Version 12.00
# Visual Studio 14
VisualStudioVersion = 14.0.25420.1
MinimumVisualStudioVersion = 10.0.40219.1
Project("{00D1A9C2-B5F0-4AF3-8072-F6C62B433612}") = "TheBDD", "TheBDD\TheBDD.sqlproj", "{ADDE20A2-27BF-4074-B9CC-1D05C3D0A71A}"
EndProject
Project("{E24C65DC-7377-472B-9ABA-BC803B73C61A}") = "MkExGrAg", ".", "{A0FA4E7A-EB02-47E5-A844-7BCCBBD88E4C}"
	ProjectSection(WebsiteProperties) = preProject
		TargetFrameworkMoniker = ".NETFramework,Version%3Dv4.0"
		Debug.AspNetCompiler.VirtualPath = "/localhost_63605"
		Debug.AspNetCompiler.PhysicalPath = "..\MkExGrAg\"
		Debug.AspNetCompiler.TargetPath = "PrecompiledWeb\localhost_63605\"
		Debug.AspNetCompiler.Updateable = "true"
		Debug.AspNetCompiler.ForceOverwrite = "true"
		Debug.AspNetCompiler.FixedNames = "false"
		Debug.AspNetCompiler.Debug = "True"
		Release.AspNetCompiler.VirtualPath = "/localhost_63605"
		Release.AspNetCompiler.PhysicalPath = "..\MkExGrAg\"
		Release.AspNetCompiler.TargetPath = "PrecompiledWeb\localhost_63605\"
		Release.AspNetCompiler.Updateable = "true"
		Release.AspNetCompiler.ForceOverwrite = "true"
		Release.AspNetCompiler.FixedNames = "false"
		Release.AspNetCompiler.Debug = "False"
		VWDPort = "63605"
		SlnRelativePath = "..\MkExGrAg\"
	EndProjectSection
EndProject
Project("{E24C65DC-7377-472B-9ABA-BC803B73C61A}") = "TestoDa", "TestoDa\", "{1F5D93A1-95A3-4DE0-9926-995A6840E347}"
	ProjectSection(WebsiteProperties) = preProject
		TargetFrameworkMoniker = ".NETFramework,Version%3Dv4.5.2"
		Debug.AspNetCompiler.VirtualPath = "/localhost_63995"
		Debug.AspNetCompiler.PhysicalPath = "TestoDa\"
		Debug.AspNetCompiler.TargetPath = "PrecompiledWeb\localhost_63995\"
		Debug.AspNetCompiler.Updateable = "true"
		Debug.AspNetCompiler.ForceOverwrite = "true"
		Debug.AspNetCompiler.FixedNames = "false"
		Debug.AspNetCompiler.Debug = "True"
		Release.AspNetCompiler.VirtualPath = "/localhost_63995"
		Release.AspNetCompiler.PhysicalPath = "TestoDa\"
		Release.AspNetCompiler.TargetPath = "PrecompiledWeb\localhost_63995\"
		Release.AspNetCompiler.Updateable = "true"
		Release.AspNetCompiler.ForceOverwrite = "true"
		Release.AspNetCompiler.FixedNames = "false"
		Release.AspNetCompiler.Debug = "False"
		VWDPort = "63995"
		DefaultWebSiteLanguage = "Visual C#"
	EndProjectSection
EndProject
Global
	GlobalSection(SolutionConfigurationPlatforms) = preSolution
		Debug|Any CPU = Debug|Any CPU
		Release|Any CPU = Release|Any CPU
	EndGlobalSection
	GlobalSection(ProjectConfigurationPlatforms) = postSolution
		{ADDE20A2-27BF-4074-B9CC-1D05C3D0A71A}.Debug|Any CPU.ActiveCfg = Debug|Any CPU
		{ADDE20A2-27BF-4074-B9CC-1D05C3D0A71A}.Debug|Any CPU.Build.0 = Debug|Any CPU
		{ADDE20A2-27BF-4074-B9CC-1D05C3D0A71A}.Debug|Any CPU.Deploy.0 = Debug|Any CPU
		{ADDE20A2-27BF-4074-B9CC-1D05C3D0A71A}.Release|Any CPU.ActiveCfg = Release|Any CPU
		{ADDE20A2-27BF-4074-B9CC-1D05C3D0A71A}.Release|Any CPU.Build.0 = Release|Any CPU
		{ADDE20A2-27BF-4074-B9CC-1D05C3D0A71A}.Release|Any CPU.Deploy.0 = Release|Any CPU
		{A0FA4E7A-EB02-47E5-A844-7BCCBBD88E4C}.Debug|Any CPU.ActiveCfg = Debug|Any CPU
		{A0FA4E7A-EB02-47E5-A844-7BCCBBD88E4C}.Debug|Any CPU.Build.0 = Debug|Any CPU
		{A0FA4E7A-EB02-47E5-A844-7BCCBBD88E4C}.Release|Any CPU.ActiveCfg = Debug|Any CPU
		{A0FA4E7A-EB02-47E5-A844-7BCCBBD88E4C}.Release|Any CPU.Build.0 = Debug|Any CPU
		{1F5D93A1-95A3-4DE0-9926-995A6840E347}.Debug|Any CPU.ActiveCfg = Debug|Any CPU
		{1F5D93A1-95A3-4DE0-9926-995A6840E347}.Debug|Any CPU.Build.0 = Debug|Any CPU
		{1F5D93A1-95A3-4DE0-9926-995A6840E347}.Release|Any CPU.ActiveCfg = Debug|Any CPU
		{1F5D93A1-95A3-4DE0-9926-995A6840E347}.Release|Any CPU.Build.0 = Debug|Any CPU
	EndGlobalSection
	GlobalSection(SolutionProperties) = preSolution
		HideSolutionNode = FALSE
	EndGlobalSection
EndGlobal
